// !$*UTF8*$!
{
	archiveVersion = 1;
	classes = {
	};
	objectVersion = 77;
	objects = {

/* Begin PBXContainerItemProxy section */
		DDAAEF8B2CA0BAAB00D8C529 /* PBXContainerItemProxy */ = {
			isa = PBXContainerItemProxy;
			containerPortal = DDAAEF722CA0BAAA00D8C529 /* Project object */;
			proxyType = 1;
			remoteGlobalIDString = DDAAEF792CA0BAAA00D8C529;
			remoteInfo = ScrumSync;
		};
		DDAAEF952CA0BAAB00D8C529 /* PBXContainerItemProxy */ = {
			isa = PBXContainerItemProxy;
			containerPortal = DDAAEF722CA0BAAA00D8C529 /* Project object */;
			proxyType = 1;
			remoteGlobalIDString = DDAAEF792CA0BAAA00D8C529;
			remoteInfo = ScrumSync;
		};
/* End PBXContainerItemProxy section */

/* Begin PBXFileReference section */
		DDAAEF7A2CA0BAAA00D8C529 /* ScrumSync.app */ = {isa = PBXFileReference; explicitFileType = wrapper.application; includeInIndex = 0; path = ScrumSync.app; sourceTree = BUILT_PRODUCTS_DIR; };
		DDAAEF8A2CA0BAAB00D8C529 /* ScrumSyncTests.xctest */ = {isa = PBXFileReference; explicitFileType = wrapper.cfbundle; includeInIndex = 0; path = ScrumSyncTests.xctest; sourceTree = BUILT_PRODUCTS_DIR; };
		DDAAEF942CA0BAAB00D8C529 /* ScrumSyncUITests.xctest */ = {isa = PBXFileReference; explicitFileType = wrapper.cfbundle; includeInIndex = 0; path = ScrumSyncUITests.xctest; sourceTree = BUILT_PRODUCTS_DIR; };
/* End PBXFileReference section */

/* Begin PBXFileSystemSynchronizedRootGroup section */
		DDAAEF7C2CA0BAAA00D8C529 /* ScrumSync */ = {
			isa = PBXFileSystemSynchronizedRootGroup;
			path = ScrumSync;
			sourceTree = "<group>";
		};
		DDAAEF8D2CA0BAAB00D8C529 /* ScrumSyncTests */ = {
			isa = PBXFileSystemSynchronizedRootGroup;
			path = ScrumSyncTests;
			sourceTree = "<group>";
		};
		DDAAEF972CA0BAAB00D8C529 /* ScrumSyncUITests */ = {
			isa = PBXFileSystemSynchronizedRootGroup;
			path = ScrumSyncUITests;
			sourceTree = "<group>";
		};
/* End PBXFileSystemSynchronizedRootGroup section */

/* Begin PBXFrameworksBuildPhase section */
		DDAAEF772CA0BAAA00D8C529 /* Frameworks */ = {
			isa = PBXFrameworksBuildPhase;
			buildActionMask = 2147483647;
			files = (
			);
			runOnlyForDeploymentPostprocessing = 0;
		};
		DDAAEF872CA0BAAB00D8C529 /* Frameworks */ = {
			isa = PBXFrameworksBuildPhase;
			buildActionMask = 2147483647;
			files = (
			);
			runOnlyForDeploymentPostprocessing = 0;
		};
		DDAAEF912CA0BAAB00D8C529 /* Frameworks */ = {
			isa = PBXFrameworksBuildPhase;
			buildActionMask = 2147483647;
			files = (
			);
			runOnlyForDeploymentPostprocessing = 0;
		};
/* End PBXFrameworksBuildPhase section */

/* Begin PBXGroup section */
		DDAAEF712CA0BAAA00D8C529 = {
			isa = PBXGroup;
			children = (
				DDAAEF7C2CA0BAAA00D8C529 /* ScrumSync */,
				DDAAEF8D2CA0BAAB00D8C529 /* ScrumSyncTests */,
				DDAAEF972CA0BAAB00D8C529 /* ScrumSyncUITests */,
				DDAAEF7B2CA0BAAA00D8C529 /* Products */,
			);
			sourceTree = "<group>";
		};
		DDAAEF7B2CA0BAAA00D8C529 /* Products */ = {
			isa = PBXGroup;
			children = (
				DDAAEF7A2CA0BAAA00D8C529 /* ScrumSync.app */,
				DDAAEF8A2CA0BAAB00D8C529 /* ScrumSyncTests.xctest */,
				DDAAEF942CA0BAAB00D8C529 /* ScrumSyncUITests.xctest */,
			);
			name = Products;
			sourceTree = "<group>";
		};
/* End PBXGroup section */

/* Begin PBXNativeTarget section */
		DDAAEF792CA0BAAA00D8C529 /* ScrumSync */ = {
			isa = PBXNativeTarget;
			buildConfigurationList = DDAAEF9E2CA0BAAB00D8C529 /* Build configuration list for PBXNativeTarget "ScrumSync" */;
			buildPhases = (
				DDAAEF762CA0BAAA00D8C529 /* Sources */,
				DDAAEF772CA0BAAA00D8C529 /* Frameworks */,
				DDAAEF782CA0BAAA00D8C529 /* Resources */,
			);
			buildRules = (
			);
			dependencies = (
			);
			fileSystemSynchronizedGroups = (
				DDAAEF7C2CA0BAAA00D8C529 /* ScrumSync */,
			);
			name = ScrumSync;
			packageProductDependencies = (
			);
			productName = ScrumSync;
			productReference = DDAAEF7A2CA0BAAA00D8C529 /* ScrumSync.app */;
			productType = "com.apple.product-type.application";
		};
		DDAAEF892CA0BAAB00D8C529 /* ScrumSyncTests */ = {
			isa = PBXNativeTarget;
			buildConfigurationList = DDAAEFA12CA0BAAB00D8C529 /* Build configuration list for PBXNativeTarget "ScrumSyncTests" */;
			buildPhases = (
				DDAAEF862CA0BAAB00D8C529 /* Sources */,
				DDAAEF872CA0BAAB00D8C529 /* Frameworks */,
				DDAAEF882CA0BAAB00D8C529 /* Resources */,
			);
			buildRules = (
			);
			dependencies = (
				DDAAEF8C2CA0BAAB00D8C529 /* PBXTargetDependency */,
			);
			fileSystemSynchronizedGroups = (
				DDAAEF8D2CA0BAAB00D8C529 /* ScrumSyncTests */,
			);
			name = ScrumSyncTests;
			packageProductDependencies = (
			);
			productName = ScrumSyncTests;
			productReference = DDAAEF8A2CA0BAAB00D8C529 /* ScrumSyncTests.xctest */;
			productType = "com.apple.product-type.bundle.unit-test";
		};
		DDAAEF932CA0BAAB00D8C529 /* ScrumSyncUITests */ = {
			isa = PBXNativeTarget;
			buildConfigurationList = DDAAEFA42CA0BAAB00D8C529 /* Build configuration list for PBXNativeTarget "ScrumSyncUITests" */;
			buildPhases = (
				DDAAEF902CA0BAAB00D8C529 /* Sources */,
				DDAAEF912CA0BAAB00D8C529 /* Frameworks */,
				DDAAEF922CA0BAAB00D8C529 /* Resources */,
			);
			buildRules = (
			);
			dependencies = (
				DDAAEF962CA0BAAB00D8C529 /* PBXTargetDependency */,
			);
			fileSystemSynchronizedGroups = (
				DDAAEF972CA0BAAB00D8C529 /* ScrumSyncUITests */,
			);
			name = ScrumSyncUITests;
			packageProductDependencies = (
			);
			productName = ScrumSyncUITests;
			productReference = DDAAEF942CA0BAAB00D8C529 /* ScrumSyncUITests.xctest */;
			productType = "com.apple.product-type.bundle.ui-testing";
		};
/* End PBXNativeTarget section */

/* Begin PBXProject section */
		DDAAEF722CA0BAAA00D8C529 /* Project object */ = {
			isa = PBXProject;
			attributes = {
				BuildIndependentTargetsInParallel = 1;
				LastSwiftUpdateCheck = 1600;
				LastUpgradeCheck = 1600;
				TargetAttributes = {
					DDAAEF792CA0BAAA00D8C529 = {
						CreatedOnToolsVersion = 16.0;
					};
					DDAAEF892CA0BAAB00D8C529 = {
						CreatedOnToolsVersion = 16.0;
						TestTargetID = DDAAEF792CA0BAAA00D8C529;
					};
					DDAAEF932CA0BAAB00D8C529 = {
						CreatedOnToolsVersion = 16.0;
						TestTargetID = DDAAEF792CA0BAAA00D8C529;
					};
				};
			};
			buildConfigurationList = DDAAEF752CA0BAAA00D8C529 /* Build configuration list for PBXProject "ScrumSync" */;
			developmentRegion = en;
			hasScannedForEncodings = 0;
			knownRegions = (
				en,
				Base,
			);
			mainGroup = DDAAEF712CA0BAAA00D8C529;
			minimizedProjectReferenceProxies = 1;
			preferredProjectObjectVersion = 77;
			productRefGroup = DDAAEF7B2CA0BAAA00D8C529 /* Products */;
			projectDirPath = "";
			projectRoot = "";
			targets = (
				DDAAEF792CA0BAAA00D8C529 /* ScrumSync */,
				DDAAEF892CA0BAAB00D8C529 /* ScrumSyncTests */,
				DDAAEF932CA0BAAB00D8C529 /* ScrumSyncUITests */,
			);
		};
/* End PBXProject section */

/* Begin PBXResourcesBuildPhase section */
		DDAAEF782CA0BAAA00D8C529 /* Resources */ = {
			isa = PBXResourcesBuildPhase;
			buildActionMask = 2147483647;
			files = (
			);
			runOnlyForDeploymentPostprocessing = 0;
		};
		DDAAEF882CA0BAAB00D8C529 /* Resources */ = {
			isa = PBXResourcesBuildPhase;
			buildActionMask = 2147483647;
			files = (
			);
			runOnlyForDeploymentPostprocessing = 0;
		};
		DDAAEF922CA0BAAB00D8C529 /* Resources */ = {
			isa = PBXResourcesBuildPhase;
			buildActionMask = 2147483647;
			files = (
			);
			runOnlyForDeploymentPostprocessing = 0;
		};
/* End PBXResourcesBuildPhase section */

/* Begin PBXSourcesBuildPhase section */
		DDAAEF762CA0BAAA00D8C529 /* Sources */ = {
			isa = PBXSourcesBuildPhase;
			buildActionMask = 2147483647;
			files = (
			);
			runOnlyForDeploymentPostprocessing = 0;
		};
		DDAAEF862CA0BAAB00D8C529 /* Sources */ = {
			isa = PBXSourcesBuildPhase;
			buildActionMask = 2147483647;
			files = (
			);
			runOnlyForDeploymentPostprocessing = 0;
		};
		DDAAEF902CA0BAAB00D8C529 /* Sources */ = {
			isa = PBXSourcesBuildPhase;
			buildActionMask = 2147483647;
			files = (
			);
			runOnlyForDeploymentPostprocessing = 0;
		};
/* End PBXSourcesBuildPhase section */

/* Begin PBXTargetDependency section */
		DDAAEF8C2CA0BAAB00D8C529 /* PBXTargetDependency */ = {
			isa = PBXTargetDependency;
			target = DDAAEF792CA0BAAA00D8C529 /* ScrumSync */;
			targetProxy = DDAAEF8B2CA0BAAB00D8C529 /* PBXContainerItemProxy */;
		};
		DDAAEF962CA0BAAB00D8C529 /* PBXTargetDependency */ = {
			isa = PBXTargetDependency;
			target = DDAAEF792CA0BAAA00D8C529 /* ScrumSync */;
			targetProxy = DDAAEF952CA0BAAB00D8C529 /* PBXContainerItemProxy */;
		};
/* End PBXTargetDependency section */

/* Begin XCBuildConfiguration section */
		DDAAEF9C2CA0BAAB00D8C529 /* Debug */ = {
			isa = XCBuildConfiguration;
			buildSettings = {
				ALWAYS_SEARCH_USER_PATHS = NO;
				ASSETCATALOG_COMPILER_GENERATE_SWIFT_ASSET_SYMBOL_EXTENSIONS = YES;
				CLANG_ANALYZER_NONNULL = YES;
				CLANG_ANALYZER_NUMBER_OBJECT_CONVERSION = YES_AGGRESSIVE;
				CLANG_CXX_LANGUAGE_STANDARD = "gnu++20";
				CLANG_ENABLE_MODULES = YES;
				CLANG_ENABLE_OBJC_ARC = YES;
				CLANG_ENABLE_OBJC_WEAK = YES;
				CLANG_WARN_BLOCK_CAPTURE_AUTORELEASING = YES;
				CLANG_WARN_BOOL_CONVERSION = YES;
				CLANG_WARN_COMMA = YES;
				CLANG_WARN_CONSTANT_CONVERSION = YES;
				CLANG_WARN_DEPRECATED_OBJC_IMPLEMENTATIONS = YES;
				CLANG_WARN_DIRECT_OBJC_ISA_USAGE = YES_ERROR;
				CLANG_WARN_DOCUMENTATION_COMMENTS = YES;
				CLANG_WARN_EMPTY_BODY = YES;
				CLANG_WARN_ENUM_CONVERSION = YES;
				CLANG_WARN_INFINITE_RECURSION = YES;
				CLANG_WARN_INT_CONVERSION = YES;
				CLANG_WARN_NON_LITERAL_NULL_CONVERSION = YES;
				CLANG_WARN_OBJC_IMPLICIT_RETAIN_SELF = YES;
				CLANG_WARN_OBJC_LITERAL_CONVERSION = YES;
				CLANG_WARN_OBJC_ROOT_CLASS = YES_ERROR;
				CLANG_WARN_QUOTED_INCLUDE_IN_FRAMEWORK_HEADER = YES;
				CLANG_WARN_RANGE_LOOP_ANALYSIS = YES;
				CLANG_WARN_STRICT_PROTOTYPES = YES;
				CLANG_WARN_SUSPICIOUS_MOVE = YES;
				CLANG_WARN_UNGUARDED_AVAILABILITY = YES_AGGRESSIVE;
				CLANG_WARN_UNREACHABLE_CODE = YES;
				CLANG_WARN__DUPLICATE_METHOD_MATCH = YES;
				COPY_PHASE_STRIP = NO;
				DEBUG_INFORMATION_FORMAT = dwarf;
				ENABLE_STRICT_OBJC_MSGSEND = YES;
				ENABLE_TESTABILITY = YES;
				ENABLE_USER_SCRIPT_SANDBOXING = YES;
				GCC_C_LANGUAGE_STANDARD = gnu17;
				GCC_DYNAMIC_NO_PIC = NO;
				GCC_NO_COMMON_BLOCKS = YES;
				GCC_OPTIMIZATION_LEVEL = 0;
				GCC_PREPROCESSOR_DEFINITIONS = (
					"DEBUG=1",
					"$(inherited)",
				);
				GCC_WARN_64_TO_32_BIT_CONVERSION = YES;
				GCC_WARN_ABOUT_RETURN_TYPE = YES_ERROR;
				GCC_WARN_UNDECLARED_SELECTOR = YES;
				GCC_WARN_UNINITIALIZED_AUTOS = YES_AGGRESSIVE;
				GCC_WARN_UNUSED_FUNCTION = YES;
				GCC_WARN_UNUSED_VARIABLE = YES;
				IPHONEOS_DEPLOYMENT_TARGET = 18.0;
				LOCALIZATION_PREFERS_STRING_CATALOGS = YES;
				MTL_ENABLE_DEBUG_INFO = INCLUDE_SOURCE;
				MTL_FAST_MATH = YES;
				ONLY_ACTIVE_ARCH = YES;
				SDKROOT = iphoneos;
				SWIFT_ACTIVE_COMPILATION_CONDITIONS = "DEBUG $(inherited)";
				SWIFT_OPTIMIZATION_LEVEL = "-Onone";
			};
			name = Debug;
		};
		DDAAEF9D2CA0BAAB00D8C529 /* Release */ = {
			isa = XCBuildConfiguration;
			buildSettings = {
				ALWAYS_SEARCH_USER_PATHS = NO;
				ASSETCATALOG_COMPILER_GENERATE_SWIFT_ASSET_SYMBOL_EXTENSIONS = YES;
				CLANG_ANALYZER_NONNULL = YES;
				CLANG_ANALYZER_NUMBER_OBJECT_CONVERSION = YES_AGGRESSIVE;
				CLANG_CXX_LANGUAGE_STANDARD = "gnu++20";
				CLANG_ENABLE_MODULES = YES;
				CLANG_ENABLE_OBJC_ARC = YES;
				CLANG_ENABLE_OBJC_WEAK = YES;
				CLANG_WARN_BLOCK_CAPTURE_AUTORELEASING = YES;
				CLANG_WARN_BOOL_CONVERSION = YES;
				CLANG_WARN_COMMA = YES;
				CLANG_WARN_CONSTANT_CONVERSION = YES;
				CLANG_WARN_DEPRECATED_OBJC_IMPLEMENTATIONS = YES;
				CLANG_WARN_DIRECT_OBJC_ISA_USAGE = YES_ERROR;
				CLANG_WARN_DOCUMENTATION_COMMENTS = YES;
				CLANG_WARN_EMPTY_BODY = YES;
				CLANG_WARN_ENUM_CONVERSION = YES;
				CLANG_WARN_INFINITE_RECURSION = YES;
				CLANG_WARN_INT_CONVERSION = YES;
				CLANG_WARN_NON_LITERAL_NULL_CONVERSION = YES;
				CLANG_WARN_OBJC_IMPLICIT_RETAIN_SELF = YES;
				CLANG_WARN_OBJC_LITERAL_CONVERSION = YES;
				CLANG_WARN_OBJC_ROOT_CLASS = YES_ERROR;
				CLANG_WARN_QUOTED_INCLUDE_IN_FRAMEWORK_HEADER = YES;
				CLANG_WARN_RANGE_LOOP_ANALYSIS = YES;
				CLANG_WARN_STRICT_PROTOTYPES = YES;
				CLANG_WARN_SUSPICIOUS_MOVE = YES;
				CLANG_WARN_UNGUARDED_AVAILABILITY = YES_AGGRESSIVE;
				CLANG_WARN_UNREACHABLE_CODE = YES;
				CLANG_WARN__DUPLICATE_METHOD_MATCH = YES;
				COPY_PHASE_STRIP = NO;
				DEBUG_INFORMATION_FORMAT = "dwarf-with-dsym";
				ENABLE_NS_ASSERTIONS = NO;
				ENABLE_STRICT_OBJC_MSGSEND = YES;
				ENABLE_USER_SCRIPT_SANDBOXING = YES;
				GCC_C_LANGUAGE_STANDARD = gnu17;
				GCC_NO_COMMON_BLOCKS = YES;
				GCC_WARN_64_TO_32_BIT_CONVERSION = YES;
				GCC_WARN_ABOUT_RETURN_TYPE = YES_ERROR;
				GCC_WARN_UNDECLARED_SELECTOR = YES;
				GCC_WARN_UNINITIALIZED_AUTOS = YES_AGGRESSIVE;
				GCC_WARN_UNUSED_FUNCTION = YES;
				GCC_WARN_UNUSED_VARIABLE = YES;
				IPHONEOS_DEPLOYMENT_TARGET = 18.0;
				LOCALIZATION_PREFERS_STRING_CATALOGS = YES;
				MTL_ENABLE_DEBUG_INFO = NO;
				MTL_FAST_MATH = YES;
				SDKROOT = iphoneos;
				SWIFT_COMPILATION_MODE = wholemodule;
				VALIDATE_PRODUCT = YES;
			};
			name = Release;
		};
		DDAAEF9F2CA0BAAB00D8C529 /* Debug */ = {
			isa = XCBuildConfiguration;
			buildSettings = {
				ASSETCATALOG_COMPILER_APPICON_NAME = AppIcon;
				ASSETCATALOG_COMPILER_GLOBAL_ACCENT_COLOR_NAME = AccentColor;
				CODE_SIGN_STYLE = Automatic;
				CURRENT_PROJECT_VERSION = 1;
				DEVELOPMENT_ASSET_PATHS = "\"ScrumSync/Preview Content\"";
				ENABLE_PREVIEWS = YES;
				GENERATE_INFOPLIST_FILE = YES;
				INFOPLIST_KEY_UIApplicationSceneManifest_Generation = YES;
				INFOPLIST_KEY_UIApplicationSupportsIndirectInputEvents = YES;
				INFOPLIST_KEY_UILaunchScreen_Generation = YES;
				INFOPLIST_KEY_UISupportedInterfaceOrientations_iPad = "UIInterfaceOrientationPortrait UIInterfaceOrientationPortraitUpsideDown UIInterfaceOrientationLandscapeLeft UIInterfaceOrientationLandscapeRight";
				INFOPLIST_KEY_UISupportedInterfaceOrientations_iPhone = "UIInterfaceOrientationPortrait UIInterfaceOrientationLandscapeLeft UIInterfaceOrientationLandscapeRight";
				LD_RUNPATH_SEARCH_PATHS = (
					"$(inherited)",
					"@executable_path/Frameworks",
				);
				MARKETING_VERSION = 1.0;
				PRODUCT_BUNDLE_IDENTIFIER = johncarlos.ScrumSync;
				PRODUCT_NAME = "$(TARGET_NAME)";
				SWIFT_EMIT_LOC_STRINGS = YES;
				SWIFT_VERSION = 5.0;
				TARGETED_DEVICE_FAMILY = "1,2";
			};
			name = Debug;
		};
		DDAAEFA02CA0BAAB00D8C529 /* Release */ = {
			isa = XCBuildConfiguration;
			buildSettings = {
				ASSETCATALOG_COMPILER_APPICON_NAME = AppIcon;
				ASSETCATALOG_COMPILER_GLOBAL_ACCENT_COLOR_NAME = AccentColor;
				CODE_SIGN_STYLE = Automatic;
				CURRENT_PROJECT_VERSION = 1;
				DEVELOPMENT_ASSET_PATHS = "\"ScrumSync/Preview Content\"";
				ENABLE_PREVIEWS = YES;
				GENERATE_INFOPLIST_FILE = YES;
				INFOPLIST_KEY_UIApplicationSceneManifest_Generation = YES;
				INFOPLIST_KEY_UIApplicationSupportsIndirectInputEvents = YES;
				INFOPLIST_KEY_UILaunchScreen_Generation = YES;
				INFOPLIST_KEY_UISupportedInterfaceOrientations_iPad = "UIInterfaceOrientationPortrait UIInterfaceOrientationPortraitUpsideDown UIInterfaceOrientationLandscapeLeft UIInterfaceOrientationLandscapeRight";
				INFOPLIST_KEY_UISupportedInterfaceOrientations_iPhone = "UIInterfaceOrientationPortrait UIInterfaceOrientationLandscapeLeft UIInterfaceOrientationLandscapeRight";
				LD_RUNPATH_SEARCH_PATHS = (
					"$(inherited)",
					"@executable_path/Frameworks",
				);
				MARKETING_VERSION = 1.0;
				PRODUCT_BUNDLE_IDENTIFIER = johncarlos.ScrumSync;
				PRODUCT_NAME = "$(TARGET_NAME)";
				SWIFT_EMIT_LOC_STRINGS = YES;
				SWIFT_VERSION = 5.0;
				TARGETED_DEVICE_FAMILY = "1,2";
			};
			name = Release;
		};
		DDAAEFA22CA0BAAB00D8C529 /* Debug */ = {
			isa = XCBuildConfiguration;
			buildSettings = {
				BUNDLE_LOADER = "$(TEST_HOST)";
				CODE_SIGN_STYLE = Automatic;
				CURRENT_PROJECT_VERSION = 1;
				GENERATE_INFOPLIST_FILE = YES;
				IPHONEOS_DEPLOYMENT_TARGET = 18.0;
				MARKETING_VERSION = 1.0;
				PRODUCT_BUNDLE_IDENTIFIER = johncarlos.ScrumSyncTests;
				PRODUCT_NAME = "$(TARGET_NAME)";
				SWIFT_EMIT_LOC_STRINGS = NO;
				SWIFT_VERSION = 5.0;
				TARGETED_DEVICE_FAMILY = "1,2";
				TEST_HOST = "$(BUILT_PRODUCTS_DIR)/ScrumSync.app/$(BUNDLE_EXECUTABLE_FOLDER_PATH)/ScrumSync";
			};
			name = Debug;
		};
		DDAAEFA32CA0BAAB00D8C529 /* Release */ = {
			isa = XCBuildConfiguration;
			buildSettings = {
				BUNDLE_LOADER = "$(TEST_HOST)";
				CODE_SIGN_STYLE = Automatic;
				CURRENT_PROJECT_VERSION = 1;
				GENERATE_INFOPLIST_FILE = YES;
				IPHONEOS_DEPLOYMENT_TARGET = 18.0;
				MARKETING_VERSION = 1.0;
				PRODUCT_BUNDLE_IDENTIFIER = johncarlos.ScrumSyncTests;
				PRODUCT_NAME = "$(TARGET_NAME)";
				SWIFT_EMIT_LOC_STRINGS = NO;
				SWIFT_VERSION = 5.0;
				TARGETED_DEVICE_FAMILY = "1,2";
				TEST_HOST = "$(BUILT_PRODUCTS_DIR)/ScrumSync.app/$(BUNDLE_EXECUTABLE_FOLDER_PATH)/ScrumSync";
			};
			name = Release;
		};
		DDAAEFA52CA0BAAB00D8C529 /* Debug */ = {
			isa = XCBuildConfiguration;
			buildSettings = {
				CODE_SIGN_STYLE = Automatic;
				CURRENT_PROJECT_VERSION = 1;
				GENERATE_INFOPLIST_FILE = YES;
				MARKETING_VERSION = 1.0;
				PRODUCT_BUNDLE_IDENTIFIER = johncarlos.ScrumSyncUITests;
				PRODUCT_NAME = "$(TARGET_NAME)";
				SWIFT_EMIT_LOC_STRINGS = NO;
				SWIFT_VERSION = 5.0;
				TARGETED_DEVICE_FAMILY = "1,2";
				TEST_TARGET_NAME = ScrumSync;
			};
			name = Debug;
		};
		DDAAEFA62CA0BAAB00D8C529 /* Release */ = {
			isa = XCBuildConfiguration;
			buildSettings = {
				CODE_SIGN_STYLE = Automatic;
				CURRENT_PROJECT_VERSION = 1;
				GENERATE_INFOPLIST_FILE = YES;
				MARKETING_VERSION = 1.0;
				PRODUCT_BUNDLE_IDENTIFIER = johncarlos.ScrumSyncUITests;
				PRODUCT_NAME = "$(TARGET_NAME)";
				SWIFT_EMIT_LOC_STRINGS = NO;
				SWIFT_VERSION = 5.0;
				TARGETED_DEVICE_FAMILY = "1,2";
				TEST_TARGET_NAME = ScrumSync;
			};
			name = Release;
		};
/* End XCBuildConfiguration section */

/* Begin XCConfigurationList section */
		DDAAEF752CA0BAAA00D8C529 /* Build configuration list for PBXProject "ScrumSync" */ = {
			isa = XCConfigurationList;
			buildConfigurations = (
				DDAAEF9C2CA0BAAB00D8C529 /* Debug */,
				DDAAEF9D2CA0BAAB00D8C529 /* Release */,
			);
			defaultConfigurationIsVisible = 0;
			defaultConfigurationName = Release;
		};
		DDAAEF9E2CA0BAAB00D8C529 /* Build configuration list for PBXNativeTarget "ScrumSync" */ = {
			isa = XCConfigurationList;
			buildConfigurations = (
				DDAAEF9F2CA0BAAB00D8C529 /* Debug */,
				DDAAEFA02CA0BAAB00D8C529 /* Release */,
			);
			defaultConfigurationIsVisible = 0;
			defaultConfigurationName = Release;
		};
		DDAAEFA12CA0BAAB00D8C529 /* Build configuration list for PBXNativeTarget "ScrumSyncTests" */ = {
			isa = XCConfigurationList;
			buildConfigurations = (
				DDAAEFA22CA0BAAB00D8C529 /* Debug */,
				DDAAEFA32CA0BAAB00D8C529 /* Release */,
			);
			defaultConfigurationIsVisible = 0;
			defaultConfigurationName = Release;
		};
		DDAAEFA42CA0BAAB00D8C529 /* Build configuration list for PBXNativeTarget "ScrumSyncUITests" */ = {
			isa = XCConfigurationList;
			buildConfigurations = (
				DDAAEFA52CA0BAAB00D8C529 /* Debug */,
				DDAAEFA62CA0BAAB00D8C529 /* Release */,
			);
			defaultConfigurationIsVisible = 0;
			defaultConfigurationName = Release;
		};
/* End XCConfigurationList section */
	};
	rootObject = DDAAEF722CA0BAAA00D8C529 /* Project object */;
}
